
Microsoft Visual Studio Solution File, Format Version 12.00
# Visual Studio Version 16
VisualStudioVersion = 16.0.29709.97
MinimumVisualStudioVersion = 10.0.40219.1
Project("{9A19103F-16F7-4668-BE54-9A1E7A4F7556}") = "Azureference.Web", "Azureference.Web\Azureference.Web.csproj", "{3D7691C7-AB13-4C11-A047-89BBC4324720}"
EndProject
Project("{2150E333-8FDC-42A3-9474-1A3956D46DE8}") = "Info", "Info", "{2390ED23-C673-4D1E-9655-3A4AB7D8E124}"
	ProjectSection(SolutionItems) = preProject
		..\.gitattributes = ..\.gitattributes
		..\.gitignore = ..\.gitignore
		..\README.md = ..\README.md
	EndProjectSection
EndProject
Project("{2150E333-8FDC-42A3-9474-1A3956D46DE8}") = "Build", "Build", "{60BEFEA1-F807-4323-97FE-3A1C4B3E3D4C}"
	ProjectSection(SolutionItems) = preProject
		..\build-helpers.ps1 = ..\build-helpers.ps1
		..\build.cmd = ..\build.cmd
		..\psakefile.ps1 = ..\psakefile.ps1
		..\setup.ps1 = ..\setup.ps1
	EndProjectSection
EndProject
Global
	GlobalSection(SolutionConfigurationPlatforms) = preSolution
		Debug|Any CPU = Debug|Any CPU
		Release|Any CPU = Release|Any CPU
	EndGlobalSection
	GlobalSection(ProjectConfigurationPlatforms) = postSolution
		{3D7691C7-AB13-4C11-A047-89BBC4324720}.Debug|Any CPU.ActiveCfg = Debug|Any CPU
		{3D7691C7-AB13-4C11-A047-89BBC4324720}.Debug|Any CPU.Build.0 = Debug|Any CPU
		{3D7691C7-AB13-4C11-A047-89BBC4324720}.Release|Any CPU.ActiveCfg = Release|Any CPU
		{3D7691C7-AB13-4C11-A047-89BBC4324720}.Release|Any CPU.Build.0 = Release|Any CPU
	EndGlobalSection
	GlobalSection(SolutionProperties) = preSolution
		HideSolutionNode = FALSE
	EndGlobalSection
	GlobalSection(ExtensibilityGlobals) = postSolution
		SolutionGuid = {A3503300-171A-49EC-B931-701CF7F1AB29}
	EndGlobalSection
EndGlobal
